
Microsoft Visual Studio Solution File, Format Version 12.00
# Visual Studio Version 17
VisualStudioVersion = 17.9.34723.18
MinimumVisualStudioVersion = 10.0.40219.1
Project("{FAE04EC0-301F-11D3-BF4B-00C04F79EFBC}") = "MinBox", "MinBox\MinBox.csproj", "{CFB164D1-5864-41B7-833F-C710A5E0669A}"
EndProject
Global
	GlobalSection(SolutionConfigurationPlatforms) = preSolution
		Debug|Any CPU = Debug|Any CPU
		Release|Any CPU = Release|Any CPU
	EndGlobalSection
	GlobalSection(ProjectConfigurationPlatforms) = postSolution
		{CFB164D1-5864-41B7-833F-C710A5E0669A}.Debug|Any CPU.ActiveCfg = Debug|Any CPU
		{CFB164D1-5864-41B7-833F-C710A5E0669A}.Debug|Any CPU.Build.0 = Debug|Any CPU
		{CFB164D1-5864-41B7-833F-C710A5E0669A}.Release|Any CPU.ActiveCfg = Release|Any CPU
		{CFB164D1-5864-41B7-833F-C710A5E0669A}.Release|Any CPU.Build.0 = Release|Any CPU
	EndGlobalSection
	GlobalSection(SolutionProperties) = preSolution
		HideSolutionNode = FALSE
	EndGlobalSection
	GlobalSection(ExtensibilityGlobals) = postSolution
		SolutionGuid = {F8BD4F31-BBDA-4896-A7DD-CFC32325A2B9}
	EndGlobalSection
EndGlobal
